// !$*UTF8*$!
{
	archiveVersion = 1;
	classes = {
	};
	objectVersion = 51;
	objects = {

/* Begin PBXBuildFile section */
		2092CC3D250384F000ACC76B /* ZYPageView.swift in Sources */ = {isa = PBXBuildFile; fileRef = 2092CC3C250384F000ACC76B /* ZYPageView.swift */; };
		2092CC402504B37000ACC76B /* ZYSegementTitleCell.m in Sources */ = {isa = PBXBuildFile; fileRef = 2092CC3F2504B37000ACC76B /* ZYSegementTitleCell.m */; };
		4AF9ED5097FAA8AC626F552B /* Pods_ZYSegement.framework in Frameworks */ = {isa = PBXBuildFile; fileRef = 59C18B0DBB4F364482925BF7 /* Pods_ZYSegement.framework */; };
		EA3248C124FE3AF400D01C00 /* AppDelegate.swift in Sources */ = {isa = PBXBuildFile; fileRef = EA3248C024FE3AF400D01C00 /* AppDelegate.swift */; };
		EA3248C324FE3AF400D01C00 /* SceneDelegate.swift in Sources */ = {isa = PBXBuildFile; fileRef = EA3248C224FE3AF400D01C00 /* SceneDelegate.swift */; };
		EA3248C524FE3AF400D01C00 /* ViewController.swift in Sources */ = {isa = PBXBuildFile; fileRef = EA3248C424FE3AF400D01C00 /* ViewController.swift */; };
		EA3248C824FE3AF400D01C00 /* Main.storyboard in Resources */ = {isa = PBXBuildFile; fileRef = EA3248C624FE3AF400D01C00 /* Main.storyboard */; };
		EA3248CA24FE3AF800D01C00 /* Assets.xcassets in Resources */ = {isa = PBXBuildFile; fileRef = EA3248C924FE3AF800D01C00 /* Assets.xcassets */; };
		EA3248CD24FE3AF800D01C00 /* LaunchScreen.storyboard in Resources */ = {isa = PBXBuildFile; fileRef = EA3248CB24FE3AF800D01C00 /* LaunchScreen.storyboard */; };
		EA3248D824FE3AF800D01C00 /* ZYSegementTests.swift in Sources */ = {isa = PBXBuildFile; fileRef = EA3248D724FE3AF800D01C00 /* ZYSegementTests.swift */; };
		EA3248E324FE3AF800D01C00 /* ZYSegementUITests.swift in Sources */ = {isa = PBXBuildFile; fileRef = EA3248E224FE3AF800D01C00 /* ZYSegementUITests.swift */; };
		EA3248F124FE3B6000D01C00 /* ZYSegementView.swift in Sources */ = {isa = PBXBuildFile; fileRef = EA3248F024FE3B6000D01C00 /* ZYSegementView.swift */; };
		EA3248F324FE4ADE00D01C00 /* ZYSegmentTitleCell.swift in Sources */ = {isa = PBXBuildFile; fileRef = EA3248F224FE4ADE00D01C00 /* ZYSegmentTitleCell.swift */; };
		EA3256272502208800F66EF4 /* ZYSegementTitleView.m in Sources */ = {isa = PBXBuildFile; fileRef = EA3256262502208800F66EF4 /* ZYSegementTitleView.m */; };
		EAAA859B2554F11B003D362C /* OneViewController.swift in Sources */ = {isa = PBXBuildFile; fileRef = EAAA859A2554F11B003D362C /* OneViewController.swift */; };
		EAAA85A02554F12E003D362C /* TwoViewController.swift in Sources */ = {isa = PBXBuildFile; fileRef = EAAA859F2554F12E003D362C /* TwoViewController.swift */; };
		EAAA85A52554F13C003D362C /* ThreeViewController.swift in Sources */ = {isa = PBXBuildFile; fileRef = EAAA85A42554F13C003D362C /* ThreeViewController.swift */; };
		EAAA85AB2554F1D2003D362C /* OCViewController.m in Sources */ = {isa = PBXBuildFile; fileRef = EAAA85AA2554F1D2003D362C /* OCViewController.m */; };
		EAAA85B02554F1EB003D362C /* SwiftViewController.swift in Sources */ = {isa = PBXBuildFile; fileRef = EAAA85AF2554F1EB003D362C /* SwiftViewController.swift */; };
		EAFC2FE02505CB5E009771B5 /* ZYPagesView.m in Sources */ = {isa = PBXBuildFile; fileRef = EAFC2FDF2505CB5E009771B5 /* ZYPagesView.m */; };
/* End PBXBuildFile section */

/* Begin PBXContainerItemProxy section */
		EA3248D424FE3AF800D01C00 /* PBXContainerItemProxy */ = {
			isa = PBXContainerItemProxy;
			containerPortal = EA3248B524FE3AF400D01C00 /* Project object */;
			proxyType = 1;
			remoteGlobalIDString = EA3248BC24FE3AF400D01C00;
			remoteInfo = ZYSegement;
		};
		EA3248DF24FE3AF800D01C00 /* PBXContainerItemProxy */ = {
			isa = PBXContainerItemProxy;
			containerPortal = EA3248B524FE3AF400D01C00 /* Project object */;
			proxyType = 1;
			remoteGlobalIDString = EA3248BC24FE3AF400D01C00;
			remoteInfo = ZYSegement;
		};
/* End PBXContainerItemProxy section */

/* Begin PBXFileReference section */
		2092CC3C250384F000ACC76B /* ZYPageView.swift */ = {isa = PBXFileReference; lastKnownFileType = sourcecode.swift; path = ZYPageView.swift; sourceTree = "<group>"; };
		2092CC3E2504B37000ACC76B /* ZYSegementTitleCell.h */ = {isa = PBXFileReference; lastKnownFileType = sourcecode.c.h; path = ZYSegementTitleCell.h; sourceTree = "<group>"; };
		2092CC3F2504B37000ACC76B /* ZYSegementTitleCell.m */ = {isa = PBXFileReference; lastKnownFileType = sourcecode.c.objc; path = ZYSegementTitleCell.m; sourceTree = "<group>"; };
		59C18B0DBB4F364482925BF7 /* Pods_ZYSegement.framework */ = {isa = PBXFileReference; explicitFileType = wrapper.framework; includeInIndex = 0; path = Pods_ZYSegement.framework; sourceTree = BUILT_PRODUCTS_DIR; };
		73F851C7B33270AB0EF7514A /* Pods-ZYSegement.release.xcconfig */ = {isa = PBXFileReference; includeInIndex = 1; lastKnownFileType = text.xcconfig; name = "Pods-ZYSegement.release.xcconfig"; path = "Target Support Files/Pods-ZYSegement/Pods-ZYSegement.release.xcconfig"; sourceTree = "<group>"; };
		AF4332644AA97B6465DC83A6 /* Pods-ZYSegement.debug.xcconfig */ = {isa = PBXFileReference; includeInIndex = 1; lastKnownFileType = text.xcconfig; name = "Pods-ZYSegement.debug.xcconfig"; path = "Target Support Files/Pods-ZYSegement/Pods-ZYSegement.debug.xcconfig"; sourceTree = "<group>"; };
		EA3248BD24FE3AF400D01C00 /* ZYSegement.app */ = {isa = PBXFileReference; explicitFileType = wrapper.application; includeInIndex = 0; path = ZYSegement.app; sourceTree = BUILT_PRODUCTS_DIR; };
		EA3248C024FE3AF400D01C00 /* AppDelegate.swift */ = {isa = PBXFileReference; lastKnownFileType = sourcecode.swift; path = AppDelegate.swift; sourceTree = "<group>"; };
		EA3248C224FE3AF400D01C00 /* SceneDelegate.swift */ = {isa = PBXFileReference; lastKnownFileType = sourcecode.swift; path = SceneDelegate.swift; sourceTree = "<group>"; };
		EA3248C424FE3AF400D01C00 /* ViewController.swift */ = {isa = PBXFileReference; lastKnownFileType = sourcecode.swift; path = ViewController.swift; sourceTree = "<group>"; };
		EA3248C724FE3AF400D01C00 /* Base */ = {isa = PBXFileReference; lastKnownFileType = file.storyboard; name = Base; path = Base.lproj/Main.storyboard; sourceTree = "<group>"; };
		EA3248C924FE3AF800D01C00 /* Assets.xcassets */ = {isa = PBXFileReference; lastKnownFileType = folder.assetcatalog; path = Assets.xcassets; sourceTree = "<group>"; };
		EA3248CC24FE3AF800D01C00 /* Base */ = {isa = PBXFileReference; lastKnownFileType = file.storyboard; name = Base; path = Base.lproj/LaunchScreen.storyboard; sourceTree = "<group>"; };
		EA3248CE24FE3AF800D01C00 /* Info.plist */ = {isa = PBXFileReference; lastKnownFileType = text.plist.xml; path = Info.plist; sourceTree = "<group>"; };
		EA3248D324FE3AF800D01C00 /* ZYSegementTests.xctest */ = {isa = PBXFileReference; explicitFileType = wrapper.cfbundle; includeInIndex = 0; path = ZYSegementTests.xctest; sourceTree = BUILT_PRODUCTS_DIR; };
		EA3248D724FE3AF800D01C00 /* ZYSegementTests.swift */ = {isa = PBXFileReference; lastKnownFileType = sourcecode.swift; path = ZYSegementTests.swift; sourceTree = "<group>"; };
		EA3248D924FE3AF800D01C00 /* Info.plist */ = {isa = PBXFileReference; lastKnownFileType = text.plist.xml; path = Info.plist; sourceTree = "<group>"; };
		EA3248DE24FE3AF800D01C00 /* ZYSegementUITests.xctest */ = {isa = PBXFileReference; explicitFileType = wrapper.cfbundle; includeInIndex = 0; path = ZYSegementUITests.xctest; sourceTree = BUILT_PRODUCTS_DIR; };
		EA3248E224FE3AF800D01C00 /* ZYSegementUITests.swift */ = {isa = PBXFileReference; lastKnownFileType = sourcecode.swift; path = ZYSegementUITests.swift; sourceTree = "<group>"; };
		EA3248E424FE3AF800D01C00 /* Info.plist */ = {isa = PBXFileReference; lastKnownFileType = text.plist.xml; path = Info.plist; sourceTree = "<group>"; };
		EA3248F024FE3B6000D01C00 /* ZYSegementView.swift */ = {isa = PBXFileReference; lastKnownFileType = sourcecode.swift; path = ZYSegementView.swift; sourceTree = "<group>"; };
		EA3248F224FE4ADE00D01C00 /* ZYSegmentTitleCell.swift */ = {isa = PBXFileReference; lastKnownFileType = sourcecode.swift; path = ZYSegmentTitleCell.swift; sourceTree = "<group>"; };
		EA3256242502208800F66EF4 /* ZYSegement-Bridging-Header.h */ = {isa = PBXFileReference; lastKnownFileType = sourcecode.c.h; path = "ZYSegement-Bridging-Header.h"; sourceTree = "<group>"; };
		EA3256252502208800F66EF4 /* ZYSegementTitleView.h */ = {isa = PBXFileReference; lastKnownFileType = sourcecode.c.h; path = ZYSegementTitleView.h; sourceTree = "<group>"; };
		EA3256262502208800F66EF4 /* ZYSegementTitleView.m */ = {isa = PBXFileReference; lastKnownFileType = sourcecode.c.objc; path = ZYSegementTitleView.m; sourceTree = "<group>"; };
		EAAA859A2554F11B003D362C /* OneViewController.swift */ = {isa = PBXFileReference; lastKnownFileType = sourcecode.swift; path = OneViewController.swift; sourceTree = "<group>"; };
		EAAA859F2554F12E003D362C /* TwoViewController.swift */ = {isa = PBXFileReference; lastKnownFileType = sourcecode.swift; path = TwoViewController.swift; sourceTree = "<group>"; };
		EAAA85A42554F13C003D362C /* ThreeViewController.swift */ = {isa = PBXFileReference; lastKnownFileType = sourcecode.swift; path = ThreeViewController.swift; sourceTree = "<group>"; };
		EAAA85A92554F1D2003D362C /* OCViewController.h */ = {isa = PBXFileReference; lastKnownFileType = sourcecode.c.h; path = OCViewController.h; sourceTree = "<group>"; };
		EAAA85AA2554F1D2003D362C /* OCViewController.m */ = {isa = PBXFileReference; lastKnownFileType = sourcecode.c.objc; path = OCViewController.m; sourceTree = "<group>"; };
		EAAA85AF2554F1EB003D362C /* SwiftViewController.swift */ = {isa = PBXFileReference; lastKnownFileType = sourcecode.swift; path = SwiftViewController.swift; sourceTree = "<group>"; };
		EAAA85B4255528D4003D362C /* SnapKit.framework */ = {isa = PBXFileReference; explicitFileType = wrapper.framework; path = SnapKit.framework; sourceTree = BUILT_PRODUCTS_DIR; };
		EAFC2FDE2505CB5E009771B5 /* ZYPagesView.h */ = {isa = PBXFileReference; lastKnownFileType = sourcecode.c.h; path = ZYPagesView.h; sourceTree = "<group>"; };
		EAFC2FDF2505CB5E009771B5 /* ZYPagesView.m */ = {isa = PBXFileReference; lastKnownFileType = sourcecode.c.objc; path = ZYPagesView.m; sourceTree = "<group>"; };
/* End PBXFileReference section */

/* Begin PBXFrameworksBuildPhase section */
		EA3248BA24FE3AF400D01C00 /* Frameworks */ = {
			isa = PBXFrameworksBuildPhase;
			buildActionMask = 2147483647;
			files = (
				4AF9ED5097FAA8AC626F552B /* Pods_ZYSegement.framework in Frameworks */,
			);
			runOnlyForDeploymentPostprocessing = 0;
		};
		EA3248D024FE3AF800D01C00 /* Frameworks */ = {
			isa = PBXFrameworksBuildPhase;
			buildActionMask = 2147483647;
			files = (
			);
			runOnlyForDeploymentPostprocessing = 0;
		};
		EA3248DB24FE3AF800D01C00 /* Frameworks */ = {
			isa = PBXFrameworksBuildPhase;
			buildActionMask = 2147483647;
			files = (
			);
			runOnlyForDeploymentPostprocessing = 0;
		};
/* End PBXFrameworksBuildPhase section */

/* Begin PBXGroup section */
		747F5DAD6D14C27672AE353D /* Pods */ = {
			isa = PBXGroup;
			children = (
				AF4332644AA97B6465DC83A6 /* Pods-ZYSegement.debug.xcconfig */,
				73F851C7B33270AB0EF7514A /* Pods-ZYSegement.release.xcconfig */,
			);
			path = Pods;
			sourceTree = "<group>";
		};
		DD1E43F67832FE240B9DB778 /* Frameworks */ = {
			isa = PBXGroup;
			children = (
				EAAA85B4255528D4003D362C /* SnapKit.framework */,
				59C18B0DBB4F364482925BF7 /* Pods_ZYSegement.framework */,
			);
			name = Frameworks;
			sourceTree = "<group>";
		};
		EA3248B424FE3AF400D01C00 = {
			isa = PBXGroup;
			children = (
				EA3248BF24FE3AF400D01C00 /* ZYSegement */,
				EA3248D624FE3AF800D01C00 /* ZYSegementTests */,
				EA3248E124FE3AF800D01C00 /* ZYSegementUITests */,
				EA3248BE24FE3AF400D01C00 /* Products */,
				EA3256242502208800F66EF4 /* ZYSegement-Bridging-Header.h */,
				747F5DAD6D14C27672AE353D /* Pods */,
				DD1E43F67832FE240B9DB778 /* Frameworks */,
			);
			sourceTree = "<group>";
		};
		EA3248BE24FE3AF400D01C00 /* Products */ = {
			isa = PBXGroup;
			children = (
				EA3248BD24FE3AF400D01C00 /* ZYSegement.app */,
				EA3248D324FE3AF800D01C00 /* ZYSegementTests.xctest */,
				EA3248DE24FE3AF800D01C00 /* ZYSegementUITests.xctest */,
			);
			name = Products;
			sourceTree = "<group>";
		};
		EA3248BF24FE3AF400D01C00 /* ZYSegement */ = {
			isa = PBXGroup;
			children = (
				EAAA85992554F0E8003D362C /* TestController */,
				EAAA85912554EB1E003D362C /* Swift */,
				EAAA85902554EB11003D362C /* OC */,
				EA3248C024FE3AF400D01C00 /* AppDelegate.swift */,
				EA3248C224FE3AF400D01C00 /* SceneDelegate.swift */,
				EA3248C424FE3AF400D01C00 /* ViewController.swift */,
				EA3248C624FE3AF400D01C00 /* Main.storyboard */,
				EA3248C924FE3AF800D01C00 /* Assets.xcassets */,
				EA3248CB24FE3AF800D01C00 /* LaunchScreen.storyboard */,
				EA3248CE24FE3AF800D01C00 /* Info.plist */,
			);
			path = ZYSegement;
			sourceTree = "<group>";
		};
		EA3248D624FE3AF800D01C00 /* ZYSegementTests */ = {
			isa = PBXGroup;
			children = (
				EA3248D724FE3AF800D01C00 /* ZYSegementTests.swift */,
				EA3248D924FE3AF800D01C00 /* Info.plist */,
			);
			path = ZYSegementTests;
			sourceTree = "<group>";
		};
		EA3248E124FE3AF800D01C00 /* ZYSegementUITests */ = {
			isa = PBXGroup;
			children = (
				EA3248E224FE3AF800D01C00 /* ZYSegementUITests.swift */,
				EA3248E424FE3AF800D01C00 /* Info.plist */,
			);
			path = ZYSegementUITests;
			sourceTree = "<group>";
		};
		EAAA85902554EB11003D362C /* OC */ = {
			isa = PBXGroup;
			children = (
				EAAA85932554EB4C003D362C /* viewControllers */,
				EAAA85922554EB3D003D362C /* Views */,
			);
			path = OC;
			sourceTree = "<group>";
		};
		EAAA85912554EB1E003D362C /* Swift */ = {
			isa = PBXGroup;
			children = (
				EAAA85952554EB9B003D362C /* ViewControllers */,
				EAAA85942554EB90003D362C /* Views */,
			);
			path = Swift;
			sourceTree = "<group>";
		};
		EAAA85922554EB3D003D362C /* Views */ = {
			isa = PBXGroup;
			children = (
				EA3256252502208800F66EF4 /* ZYSegementTitleView.h */,
				EA3256262502208800F66EF4 /* ZYSegementTitleView.m */,
				2092CC3E2504B37000ACC76B /* ZYSegementTitleCell.h */,
				2092CC3F2504B37000ACC76B /* ZYSegementTitleCell.m */,
				EAFC2FDE2505CB5E009771B5 /* ZYPagesView.h */,
				EAFC2FDF2505CB5E009771B5 /* ZYPagesView.m */,
			);
			path = Views;
			sourceTree = "<group>";
		};
		EAAA85932554EB4C003D362C /* viewControllers */ = {
			isa = PBXGroup;
			children = (
				EAAA85A92554F1D2003D362C /* OCViewController.h */,
				EAAA85AA2554F1D2003D362C /* OCViewController.m */,
			);
			path = viewControllers;
			sourceTree = "<group>";
		};
		EAAA85942554EB90003D362C /* Views */ = {
			isa = PBXGroup;
			children = (
				EA3248F024FE3B6000D01C00 /* ZYSegementView.swift */,
				EA3248F224FE4ADE00D01C00 /* ZYSegmentTitleCell.swift */,
				2092CC3C250384F000ACC76B /* ZYPageView.swift */,
			);
			path = Views;
			sourceTree = "<group>";
		};
		EAAA85952554EB9B003D362C /* ViewControllers */ = {
			isa = PBXGroup;
			children = (
				EAAA85AF2554F1EB003D362C /* SwiftViewController.swift */,
			);
			path = ViewControllers;
			sourceTree = "<group>";
		};
		EAAA85992554F0E8003D362C /* TestController */ = {
			isa = PBXGroup;
			children = (
				EAAA859A2554F11B003D362C /* OneViewController.swift */,
				EAAA859F2554F12E003D362C /* TwoViewController.swift */,
				EAAA85A42554F13C003D362C /* ThreeViewController.swift */,
			);
			path = TestController;
			sourceTree = "<group>";
		};
/* End PBXGroup section */

/* Begin PBXNativeTarget section */
		EA3248BC24FE3AF400D01C00 /* ZYSegement */ = {
			isa = PBXNativeTarget;
			buildConfigurationList = EA3248E724FE3AF800D01C00 /* Build configuration list for PBXNativeTarget "ZYSegement" */;
			buildPhases = (
				018A48A1576860AEFA3102A9 /* [CP] Check Pods Manifest.lock */,
				EA3248B924FE3AF400D01C00 /* Sources */,
				EA3248BA24FE3AF400D01C00 /* Frameworks */,
				EA3248BB24FE3AF400D01C00 /* Resources */,
				F27D2FC63E3775B7BB7E530F /* [CP] Embed Pods Frameworks */,
			);
			buildRules = (
			);
			dependencies = (
			);
			name = ZYSegement;
			productName = ZYSegement;
			productReference = EA3248BD24FE3AF400D01C00 /* ZYSegement.app */;
			productType = "com.apple.product-type.application";
		};
		EA3248D224FE3AF800D01C00 /* ZYSegementTests */ = {
			isa = PBXNativeTarget;
			buildConfigurationList = EA3248EA24FE3AF800D01C00 /* Build configuration list for PBXNativeTarget "ZYSegementTests" */;
			buildPhases = (
				EA3248CF24FE3AF800D01C00 /* Sources */,
				EA3248D024FE3AF800D01C00 /* Frameworks */,
				EA3248D124FE3AF800D01C00 /* Resources */,
			);
			buildRules = (
			);
			dependencies = (
				EA3248D524FE3AF800D01C00 /* PBXTargetDependency */,
			);
			name = ZYSegementTests;
			productName = ZYSegementTests;
			productReference = EA3248D324FE3AF800D01C00 /* ZYSegementTests.xctest */;
			productType = "com.apple.product-type.bundle.unit-test";
		};
		EA3248DD24FE3AF800D01C00 /* ZYSegementUITests */ = {
			isa = PBXNativeTarget;
			buildConfigurationList = EA3248ED24FE3AF800D01C00 /* Build configuration list for PBXNativeTarget "ZYSegementUITests" */;
			buildPhases = (
				EA3248DA24FE3AF800D01C00 /* Sources */,
				EA3248DB24FE3AF800D01C00 /* Frameworks */,
				EA3248DC24FE3AF800D01C00 /* Resources */,
			);
			buildRules = (
			);
			dependencies = (
				EA3248E024FE3AF800D01C00 /* PBXTargetDependency */,
			);
			name = ZYSegementUITests;
			productName = ZYSegementUITests;
			productReference = EA3248DE24FE3AF800D01C00 /* ZYSegementUITests.xctest */;
			productType = "com.apple.product-type.bundle.ui-testing";
		};
/* End PBXNativeTarget section */

/* Begin PBXProject section */
		EA3248B524FE3AF400D01C00 /* Project object */ = {
			isa = PBXProject;
			attributes = {
				LastSwiftUpdateCheck = 1160;
				LastUpgradeCheck = 1160;
				ORGANIZATIONNAME = "三小时梦想";
				TargetAttributes = {
					EA3248BC24FE3AF400D01C00 = {
						CreatedOnToolsVersion = 11.6;
						LastSwiftMigration = 1170;
					};
					EA3248D224FE3AF800D01C00 = {
						CreatedOnToolsVersion = 11.6;
						TestTargetID = EA3248BC24FE3AF400D01C00;
					};
					EA3248DD24FE3AF800D01C00 = {
						CreatedOnToolsVersion = 11.6;
						TestTargetID = EA3248BC24FE3AF400D01C00;
					};
				};
			};
			buildConfigurationList = EA3248B824FE3AF400D01C00 /* Build configuration list for PBXProject "ZYSegement" */;
			compatibilityVersion = "Xcode 9.3";
			developmentRegion = en;
			hasScannedForEncodings = 0;
			knownRegions = (
				en,
				Base,
			);
			mainGroup = EA3248B424FE3AF400D01C00;
			productRefGroup = EA3248BE24FE3AF400D01C00 /* Products */;
			projectDirPath = "";
			projectRoot = "";
			targets = (
				EA3248BC24FE3AF400D01C00 /* ZYSegement */,
				EA3248D224FE3AF800D01C00 /* ZYSegementTests */,
				EA3248DD24FE3AF800D01C00 /* ZYSegementUITests */,
			);
		};
/* End PBXProject section */

/* Begin PBXResourcesBuildPhase section */
		EA3248BB24FE3AF400D01C00 /* Resources */ = {
			isa = PBXResourcesBuildPhase;
			buildActionMask = 2147483647;
			files = (
				EA3248CD24FE3AF800D01C00 /* LaunchScreen.storyboard in Resources */,
				EA3248CA24FE3AF800D01C00 /* Assets.xcassets in Resources */,
				EA3248C824FE3AF400D01C00 /* Main.storyboard in Resources */,
			);
			runOnlyForDeploymentPostprocessing = 0;
		};
		EA3248D124FE3AF800D01C00 /* Resources */ = {
			isa = PBXResourcesBuildPhase;
			buildActionMask = 2147483647;
			files = (
			);
			runOnlyForDeploymentPostprocessing = 0;
		};
		EA3248DC24FE3AF800D01C00 /* Resources */ = {
			isa = PBXResourcesBuildPhase;
			buildActionMask = 2147483647;
			files = (
			);
			runOnlyForDeploymentPostprocessing = 0;
		};
/* End PBXResourcesBuildPhase section */

/* Begin PBXShellScriptBuildPhase section */
		018A48A1576860AEFA3102A9 /* [CP] Check Pods Manifest.lock */ = {
			isa = PBXShellScriptBuildPhase;
			buildActionMask = 2147483647;
			files = (
			);
			inputFileListPaths = (
			);
			inputPaths = (
				"${PODS_PODFILE_DIR_PATH}/Podfile.lock",
				"${PODS_ROOT}/Manifest.lock",
			);
			name = "[CP] Check Pods Manifest.lock";
			outputFileListPaths = (
			);
			outputPaths = (
				"$(DERIVED_FILE_DIR)/Pods-ZYSegement-checkManifestLockResult.txt",
			);
			runOnlyForDeploymentPostprocessing = 0;
			shellPath = /bin/sh;
			shellScript = "diff \"${PODS_PODFILE_DIR_PATH}/Podfile.lock\" \"${PODS_ROOT}/Manifest.lock\" > /dev/null\nif [ $? != 0 ] ; then\n    # print error to STDERR\n    echo \"error: The sandbox is not in sync with the Podfile.lock. Run 'pod install' or update your CocoaPods installation.\" >&2\n    exit 1\nfi\n# This output is used by Xcode 'outputs' to avoid re-running this script phase.\necho \"SUCCESS\" > \"${SCRIPT_OUTPUT_FILE_0}\"\n";
			showEnvVarsInLog = 0;
		};
		F27D2FC63E3775B7BB7E530F /* [CP] Embed Pods Frameworks */ = {
			isa = PBXShellScriptBuildPhase;
			buildActionMask = 2147483647;
			files = (
			);
			inputFileListPaths = (
				"${PODS_ROOT}/Target Support Files/Pods-ZYSegement/Pods-ZYSegement-frameworks-${CONFIGURATION}-input-files.xcfilelist",
			);
			name = "[CP] Embed Pods Frameworks";
			outputFileListPaths = (
				"${PODS_ROOT}/Target Support Files/Pods-ZYSegement/Pods-ZYSegement-frameworks-${CONFIGURATION}-output-files.xcfilelist",
			);
			runOnlyForDeploymentPostprocessing = 0;
			shellPath = /bin/sh;
			shellScript = "\"${PODS_ROOT}/Target Support Files/Pods-ZYSegement/Pods-ZYSegement-frameworks.sh\"\n";
			showEnvVarsInLog = 0;
		};
/* End PBXShellScriptBuildPhase section */

/* Begin PBXSourcesBuildPhase section */
		EA3248B924FE3AF400D01C00 /* Sources */ = {
			isa = PBXSourcesBuildPhase;
			buildActionMask = 2147483647;
			files = (
				EA3248C524FE3AF400D01C00 /* ViewController.swift in Sources */,
				EAAA859B2554F11B003D362C /* OneViewController.swift in Sources */,
				EA3248F324FE4ADE00D01C00 /* ZYSegmentTitleCell.swift in Sources */,
				EAAA85AB2554F1D2003D362C /* OCViewController.m in Sources */,
				EAAA85A52554F13C003D362C /* ThreeViewController.swift in Sources */,
				EA3248F124FE3B6000D01C00 /* ZYSegementView.swift in Sources */,
				EAAA85B02554F1EB003D362C /* SwiftViewController.swift in Sources */,
				EA3248C124FE3AF400D01C00 /* AppDelegate.swift in Sources */,
				2092CC402504B37000ACC76B /* ZYSegementTitleCell.m in Sources */,
				2092CC3D250384F000ACC76B /* ZYPageView.swift in Sources */,
				EAFC2FE02505CB5E009771B5 /* ZYPagesView.m in Sources */,
				EA3256272502208800F66EF4 /* ZYSegementTitleView.m in Sources */,
				EA3248C324FE3AF400D01C00 /* SceneDelegate.swift in Sources */,
				EAAA85A02554F12E003D362C /* TwoViewController.swift in Sources */,
			);
			runOnlyForDeploymentPostprocessing = 0;
		};
		EA3248CF24FE3AF800D01C00 /* Sources */ = {
			isa = PBXSourcesBuildPhase;
			buildActionMask = 2147483647;
			files = (
				EA3248D824FE3AF800D01C00 /* ZYSegementTests.swift in Sources */,
			);
			runOnlyForDeploymentPostprocessing = 0;
		};
		EA3248DA24FE3AF800D01C00 /* Sources */ = {
			isa = PBXSourcesBuildPhase;
			buildActionMask = 2147483647;
			files = (
				EA3248E324FE3AF800D01C00 /* ZYSegementUITests.swift in Sources */,
			);
			runOnlyForDeploymentPostprocessing = 0;
		};
/* End PBXSourcesBuildPhase section */

/* Begin PBXTargetDependency section */
		EA3248D524FE3AF800D01C00 /* PBXTargetDependency */ = {
			isa = PBXTargetDependency;
			target = EA3248BC24FE3AF400D01C00 /* ZYSegement */;
			targetProxy = EA3248D424FE3AF800D01C00 /* PBXContainerItemProxy */;
		};
		EA3248E024FE3AF800D01C00 /* PBXTargetDependency */ = {
			isa = PBXTargetDependency;
			target = EA3248BC24FE3AF400D01C00 /* ZYSegement */;
			targetProxy = EA3248DF24FE3AF800D01C00 /* PBXContainerItemProxy */;
		};
/* End PBXTargetDependency section */

/* Begin PBXVariantGroup section */
		EA3248C624FE3AF400D01C00 /* Main.storyboard */ = {
			isa = PBXVariantGroup;
			children = (
				EA3248C724FE3AF400D01C00 /* Base */,
			);
			name = Main.storyboard;
			sourceTree = "<group>";
		};
		EA3248CB24FE3AF800D01C00 /* LaunchScreen.storyboard */ = {
			isa = PBXVariantGroup;
			children = (
				EA3248CC24FE3AF800D01C00 /* Base */,
			);
			name = LaunchScreen.storyboard;
			sourceTree = "<group>";
		};
/* End PBXVariantGroup section */

/* Begin XCBuildConfiguration section */
		EA3248E524FE3AF800D01C00 /* Debug */ = {
			isa = XCBuildConfiguration;
			buildSettings = {
				ALWAYS_SEARCH_USER_PATHS = NO;
				CLANG_ANALYZER_NONNULL = YES;
				CLANG_ANALYZER_NUMBER_OBJECT_CONVERSION = YES_AGGRESSIVE;
				CLANG_CXX_LANGUAGE_STANDARD = "gnu++14";
				CLANG_CXX_LIBRARY = "libc++";
				CLANG_ENABLE_MODULES = YES;
				CLANG_ENABLE_OBJC_ARC = YES;
				CLANG_ENABLE_OBJC_WEAK = YES;
				CLANG_WARN_BLOCK_CAPTURE_AUTORELEASING = YES;
				CLANG_WARN_BOOL_CONVERSION = YES;
				CLANG_WARN_COMMA = YES;
				CLANG_WARN_CONSTANT_CONVERSION = YES;
				CLANG_WARN_DEPRECATED_OBJC_IMPLEMENTATIONS = YES;
				CLANG_WARN_DIRECT_OBJC_ISA_USAGE = YES_ERROR;
				CLANG_WARN_DOCUMENTATION_COMMENTS = YES;
				CLANG_WARN_EMPTY_BODY = YES;
				CLANG_WARN_ENUM_CONVERSION = YES;
				CLANG_WARN_INFINITE_RECURSION = YES;
				CLANG_WARN_INT_CONVERSION = YES;
				CLANG_WARN_NON_LITERAL_NULL_CONVERSION = YES;
				CLANG_WARN_OBJC_IMPLICIT_RETAIN_SELF = YES;
				CLANG_WARN_OBJC_LITERAL_CONVERSION = YES;
				CLANG_WARN_OBJC_ROOT_CLASS = YES_ERROR;
				CLANG_WARN_RANGE_LOOP_ANALYSIS = YES;
				CLANG_WARN_STRICT_PROTOTYPES = YES;
				CLANG_WARN_SUSPICIOUS_MOVE = YES;
				CLANG_WARN_UNGUARDED_AVAILABILITY = YES_AGGRESSIVE;
				CLANG_WARN_UNREACHABLE_CODE = YES;
				CLANG_WARN__DUPLICATE_METHOD_MATCH = YES;
				COPY_PHASE_STRIP = NO;
				DEBUG_INFORMATION_FORMAT = dwarf;
				ENABLE_STRICT_OBJC_MSGSEND = YES;
				ENABLE_TESTABILITY = YES;
				GCC_C_LANGUAGE_STANDARD = gnu11;
				GCC_DYNAMIC_NO_PIC = NO;
				GCC_NO_COMMON_BLOCKS = YES;
				GCC_OPTIMIZATION_LEVEL = 0;
				GCC_PREPROCESSOR_DEFINITIONS = (
					"DEBUG=1",
					"$(inherited)",
				);
				GCC_WARN_64_TO_32_BIT_CONVERSION = YES;
				GCC_WARN_ABOUT_RETURN_TYPE = YES_ERROR;
				GCC_WARN_UNDECLARED_SELECTOR = YES;
				GCC_WARN_UNINITIALIZED_AUTOS = YES_AGGRESSIVE;
				GCC_WARN_UNUSED_FUNCTION = YES;
				GCC_WARN_UNUSED_VARIABLE = YES;
				IPHONEOS_DEPLOYMENT_TARGET = 13.6;
				MTL_ENABLE_DEBUG_INFO = INCLUDE_SOURCE;
				MTL_FAST_MATH = YES;
				ONLY_ACTIVE_ARCH = YES;
				SDKROOT = iphoneos;
				SWIFT_ACTIVE_COMPILATION_CONDITIONS = DEBUG;
				SWIFT_OPTIMIZATION_LEVEL = "-Onone";
			};
			name = Debug;
		};
		EA3248E624FE3AF800D01C00 /* Release */ = {
			isa = XCBuildConfiguration;
			buildSettings = {
				ALWAYS_SEARCH_USER_PATHS = NO;
				CLANG_ANALYZER_NONNULL = YES;
				CLANG_ANALYZER_NUMBER_OBJECT_CONVERSION = YES_AGGRESSIVE;
				CLANG_CXX_LANGUAGE_STANDARD = "gnu++14";
				CLANG_CXX_LIBRARY = "libc++";
				CLANG_ENABLE_MODULES = YES;
				CLANG_ENABLE_OBJC_ARC = YES;
				CLANG_ENABLE_OBJC_WEAK = YES;
				CLANG_WARN_BLOCK_CAPTURE_AUTORELEASING = YES;
				CLANG_WARN_BOOL_CONVERSION = YES;
				CLANG_WARN_COMMA = YES;
				CLANG_WARN_CONSTANT_CONVERSION = YES;
				CLANG_WARN_DEPRECATED_OBJC_IMPLEMENTATIONS = YES;
				CLANG_WARN_DIRECT_OBJC_ISA_USAGE = YES_ERROR;
				CLANG_WARN_DOCUMENTATION_COMMENTS = YES;
				CLANG_WARN_EMPTY_BODY = YES;
				CLANG_WARN_ENUM_CONVERSION = YES;
				CLANG_WARN_INFINITE_RECURSION = YES;
				CLANG_WARN_INT_CONVERSION = YES;
				CLANG_WARN_NON_LITERAL_NULL_CONVERSION = YES;
				CLANG_WARN_OBJC_IMPLICIT_RETAIN_SELF = YES;
				CLANG_WARN_OBJC_LITERAL_CONVERSION = YES;
				CLANG_WARN_OBJC_ROOT_CLASS = YES_ERROR;
				CLANG_WARN_RANGE_LOOP_ANALYSIS = YES;
				CLANG_WARN_STRICT_PROTOTYPES = YES;
				CLANG_WARN_SUSPICIOUS_MOVE = YES;
				CLANG_WARN_UNGUARDED_AVAILABILITY = YES_AGGRESSIVE;
				CLANG_WARN_UNREACHABLE_CODE = YES;
				CLANG_WARN__DUPLICATE_METHOD_MATCH = YES;
				COPY_PHASE_STRIP = NO;
				DEBUG_INFORMATION_FORMAT = "dwarf-with-dsym";
				ENABLE_NS_ASSERTIONS = NO;
				ENABLE_STRICT_OBJC_MSGSEND = YES;
				GCC_C_LANGUAGE_STANDARD = gnu11;
				GCC_NO_COMMON_BLOCKS = YES;
				GCC_WARN_64_TO_32_BIT_CONVERSION = YES;
				GCC_WARN_ABOUT_RETURN_TYPE = YES_ERROR;
				GCC_WARN_UNDECLARED_SELECTOR = YES;
				GCC_WARN_UNINITIALIZED_AUTOS = YES_AGGRESSIVE;
				GCC_WARN_UNUSED_FUNCTION = YES;
				GCC_WARN_UNUSED_VARIABLE = YES;
				IPHONEOS_DEPLOYMENT_TARGET = 13.6;
				MTL_ENABLE_DEBUG_INFO = NO;
				MTL_FAST_MATH = YES;
				SDKROOT = iphoneos;
				SWIFT_COMPILATION_MODE = wholemodule;
				SWIFT_OPTIMIZATION_LEVEL = "-O";
				VALIDATE_PRODUCT = YES;
			};
			name = Release;
		};
		EA3248E824FE3AF800D01C00 /* Debug */ = {
			isa = XCBuildConfiguration;
			baseConfigurationReference = AF4332644AA97B6465DC83A6 /* Pods-ZYSegement.debug.xcconfig */;
			buildSettings = {
				ASSETCATALOG_COMPILER_APPICON_NAME = AppIcon;
				CLANG_ENABLE_MODULES = YES;
				CODE_SIGN_STYLE = Automatic;
				DEFINES_MODULE = YES;
				INFOPLIST_FILE = ZYSegement/Info.plist;
				IPHONEOS_DEPLOYMENT_TARGET = 13.1;
				LD_RUNPATH_SEARCH_PATHS = (
					"$(inherited)",
					"@executable_path/Frameworks",
				);
				PRODUCT_BUNDLE_IDENTIFIER = sxsmx.ZYSegement;
				PRODUCT_NAME = "$(TARGET_NAME)";
				SWIFT_OBJC_BRIDGING_HEADER = "ZYSegement-Bridging-Header.h";
				SWIFT_OPTIMIZATION_LEVEL = "-Onone";
				SWIFT_VERSION = 5.0;
				TARGETED_DEVICE_FAMILY = "1,2";
			};
			name = Debug;
		};
		EA3248E924FE3AF800D01C00 /* Release */ = {
			isa = XCBuildConfiguration;
			baseConfigurationReference = 73F851C7B33270AB0EF7514A /* Pods-ZYSegement.release.xcconfig */;
			buildSettings = {
				ASSETCATALOG_COMPILER_APPICON_NAME = AppIcon;
				CLANG_ENABLE_MODULES = YES;
				CODE_SIGN_STYLE = Automatic;
				DEFINES_MODULE = YES;
				INFOPLIST_FILE = ZYSegement/Info.plist;
				IPHONEOS_DEPLOYMENT_TARGET = 13.1;
				LD_RUNPATH_SEARCH_PATHS = (
					"$(inherited)",
					"@executable_path/Frameworks",
				);
				PRODUCT_BUNDLE_IDENTIFIER = sxsmx.ZYSegement;
				PRODUCT_NAME = "$(TARGET_NAME)";
				SWIFT_OBJC_BRIDGING_HEADER = "ZYSegement-Bridging-Header.h";
				SWIFT_VERSION = 5.0;
				TARGETED_DEVICE_FAMILY = "1,2";
			};
			name = Release;
		};
		EA3248EB24FE3AF800D01C00 /* Debug */ = {
			isa = XCBuildConfiguration;
			buildSettings = {
				ALWAYS_EMBED_SWIFT_STANDARD_LIBRARIES = YES;
				BUNDLE_LOADER = "$(TEST_HOST)";
				CODE_SIGN_STYLE = Automatic;
				INFOPLIST_FILE = ZYSegementTests/Info.plist;
				IPHONEOS_DEPLOYMENT_TARGET = 13.6;
				LD_RUNPATH_SEARCH_PATHS = (
					"$(inherited)",
					"@executable_path/Frameworks",
					"@loader_path/Frameworks",
				);
				PRODUCT_BUNDLE_IDENTIFIER = sxsmx.ZYSegementTests;
				PRODUCT_NAME = "$(TARGET_NAME)";
				SWIFT_VERSION = 5.0;
				TARGETED_DEVICE_FAMILY = "1,2";
				TEST_HOST = "$(BUILT_PRODUCTS_DIR)/ZYSegement.app/ZYSegement";
			};
			name = Debug;
		};
		EA3248EC24FE3AF800D01C00 /* Release */ = {
			isa = XCBuildConfiguration;
			buildSettings = {
				ALWAYS_EMBED_SWIFT_STANDARD_LIBRARIES = YES;
				BUNDLE_LOADER = "$(TEST_HOST)";
				CODE_SIGN_STYLE = Automatic;
				INFOPLIST_FILE = ZYSegementTests/Info.plist;
				IPHONEOS_DEPLOYMENT_TARGET = 13.6;
				LD_RUNPATH_SEARCH_PATHS = (
					"$(inherited)",
					"@executable_path/Frameworks",
					"@loader_path/Frameworks",
				);
				PRODUCT_BUNDLE_IDENTIFIER = sxsmx.ZYSegementTests;
				PRODUCT_NAME = "$(TARGET_NAME)";
				SWIFT_VERSION = 5.0;
				TARGETED_DEVICE_FAMILY = "1,2";
				TEST_HOST = "$(BUILT_PRODUCTS_DIR)/ZYSegement.app/ZYSegement";
			};
			name = Release;
		};
		EA3248EE24FE3AF800D01C00 /* Debug */ = {
			isa = XCBuildConfiguration;
			buildSettings = {
				ALWAYS_EMBED_SWIFT_STANDARD_LIBRARIES = YES;
				CODE_SIGN_STYLE = Automatic;
				INFOPLIST_FILE = ZYSegementUITests/Info.plist;
				LD_RUNPATH_SEARCH_PATHS = (
					"$(inherited)",
					"@executable_path/Frameworks",
					"@loader_path/Frameworks",
				);
				PRODUCT_BUNDLE_IDENTIFIER = sxsmx.ZYSegementUITests;
				PRODUCT_NAME = "$(TARGET_NAME)";
				SWIFT_VERSION = 5.0;
				TARGETED_DEVICE_FAMILY = "1,2";
				TEST_TARGET_NAME = ZYSegement;
			};
			name = Debug;
		};
		EA3248EF24FE3AF800D01C00 /* Release */ = {
			isa = XCBuildConfiguration;
			buildSettings = {
				ALWAYS_EMBED_SWIFT_STANDARD_LIBRARIES = YES;
				CODE_SIGN_STYLE = Automatic;
				INFOPLIST_FILE = ZYSegementUITests/Info.plist;
				LD_RUNPATH_SEARCH_PATHS = (
					"$(inherited)",
					"@executable_path/Frameworks",
					"@loader_path/Frameworks",
				);
				PRODUCT_BUNDLE_IDENTIFIER = sxsmx.ZYSegementUITests;
				PRODUCT_NAME = "$(TARGET_NAME)";
				SWIFT_VERSION = 5.0;
				TARGETED_DEVICE_FAMILY = "1,2";
				TEST_TARGET_NAME = ZYSegement;
			};
			name = Release;
		};
/* End XCBuildConfiguration section */

/* Begin XCConfigurationList section */
		EA3248B824FE3AF400D01C00 /* Build configuration list for PBXProject "ZYSegement" */ = {
			isa = XCConfigurationList;
			buildConfigurations = (
				EA3248E524FE3AF800D01C00 /* Debug */,
				EA3248E624FE3AF800D01C00 /* Release */,
			);
			defaultConfigurationIsVisible = 0;
			defaultConfigurationName = Release;
		};
		EA3248E724FE3AF800D01C00 /* Build configuration list for PBXNativeTarget "ZYSegement" */ = {
			isa = XCConfigurationList;
			buildConfigurations = (
				EA3248E824FE3AF800D01C00 /* Debug */,
				EA3248E924FE3AF800D01C00 /* Release */,
			);
			defaultConfigurationIsVisible = 0;
			defaultConfigurationName = Release;
		};
		EA3248EA24FE3AF800D01C00 /* Build configuration list for PBXNativeTarget "ZYSegementTests" */ = {
			isa = XCConfigurationList;
			buildConfigurations = (
				EA3248EB24FE3AF800D01C00 /* Debug */,
				EA3248EC24FE3AF800D01C00 /* Release */,
			);
			defaultConfigurationIsVisible = 0;
			defaultConfigurationName = Release;
		};
		EA3248ED24FE3AF800D01C00 /* Build configuration list for PBXNativeTarget "ZYSegementUITests" */ = {
			isa = XCConfigurationList;
			buildConfigurations = (
				EA3248EE24FE3AF800D01C00 /* Debug */,
				EA3248EF24FE3AF800D01C00 /* Release */,
			);
			defaultConfigurationIsVisible = 0;
			defaultConfigurationName = Release;
		};
/* End XCConfigurationList section */
	};
	rootObject = EA3248B524FE3AF400D01C00 /* Project object */;
}
